// !$*UTF8*$!
{
	archiveVersion = 1;
	classes = {
	};
	objectVersion = 50;
	objects = {

/* Begin PBXFileReference section */
		411FB99222B2734400F12FA1 /* particle */ = {isa = PBXFileReference; lastKnownFileType = folder; path = particle; sourceTree = "<group>"; };
/* End PBXFileReference section */

/* Begin PBXGroup section */
		411FB98B22B2570700F12FA1 = {
			isa = PBXGroup;
			children = (
				411FB99222B2734400F12FA1 /* particle */,
			);
			sourceTree = "<group>";
		};
/* End PBXGroup section */

/* Begin PBXProject section */
		411FB98C22B2570700F12FA1 /* Project object */ = {
			isa = PBXProject;
			attributes = {
				LastUpgradeCheck = 1010;
			};
			buildConfigurationList = 411FB98F22B2570700F12FA1 /* Build configuration list for PBXProject "LOFARenergy" */;
			compatibilityVersion = "Xcode 9.3";
			developmentRegion = en;
			hasScannedForEncodings = 0;
			knownRegions = (
				en,
			);
			mainGroup = 411FB98B22B2570700F12FA1;
			projectDirPath = "";
			projectRoot = "";
			targets = (
			);
		};
/* End PBXProject section */

/* Begin XCBuildConfiguration section */
		411FB99022B2570700F12FA1 /* Debug */ = {
			isa = XCBuildConfiguration;
			buildSettings = {
			};
			name = Debug;
		};
		411FB99122B2570700F12FA1 /* Release */ = {
			isa = XCBuildConfiguration;
			buildSettings = {
			};
			name = Release;
		};
/* End XCBuildConfiguration section */

/* Begin XCConfigurationList section */
		411FB98F22B2570700F12FA1 /* Build configuration list for PBXProject "LOFARenergy" */ = {
			isa = XCConfigurationList;
			buildConfigurations = (
				411FB99022B2570700F12FA1 /* Debug */,
				411FB99122B2570700F12FA1 /* Release */,
			);
			defaultConfigurationIsVisible = 0;
			defaultConfigurationName = Release;
		};
/* End XCConfigurationList section */
	};
	rootObject = 411FB98C22B2570700F12FA1 /* Project object */;
}
